{
  "requires": true,
  "lockfileVersion": 1,
  "dependencies": {
    "cordova-plugin-barcodescanner": {
      "version": "0.7.3",
      "resolved": "https://registry.npmjs.org/cordova-plugin-barcodescanner/-/cordova-plugin-barcodescanner-0.7.3.tgz",
      "integrity": "sha1-kKnGyl3Tgkt1uOZa8dJkQCBU0xE="
    }
  }
}
